// !$*UTF8*$!
{
	archiveVersion = 1;
	classes = {
	};
	objectVersion = 54;
	objects = {

/* Begin PBXBuildFile section */
		A1F647E8D7E6D8003E9AF15F /* Pods_pantry.framework in Frameworks */ = {isa = PBXBuildFile; fileRef = 1619AD0F4FEBCEC3D4E3B75C /* Pods_pantry.framework */; };
		A90CB7DC2535986900852E1D /* ExpiryDateParser.swift in Sources */ = {isa = PBXBuildFile; fileRef = A90CB7DB2535986900852E1D /* ExpiryDateParser.swift */; };
		A917893B253B52F500D2C826 /* App.swift in Sources */ = {isa = PBXBuildFile; fileRef = A917893A253B52F400D2C826 /* App.swift */; };
		A9304C2E255180F9000D9165 /* SearchField.swift in Sources */ = {isa = PBXBuildFile; fileRef = A9304C2D255180F9000D9165 /* SearchField.swift */; };
		A94A34A225377F69006C4FD6 /* SwipeModifier.swift in Sources */ = {isa = PBXBuildFile; fileRef = A94A34A125377F69006C4FD6 /* SwipeModifier.swift */; };
		A94A34A625383BA8006C4FD6 /* ProductCard.swift in Sources */ = {isa = PBXBuildFile; fileRef = A94A34A525383BA8006C4FD6 /* ProductCard.swift */; };
		A953EB3F25599C9500E1CB12 /* ExpiryDateOptions.swift in Sources */ = {isa = PBXBuildFile; fileRef = A953EB3E25599C9500E1CB12 /* ExpiryDateOptions.swift */; };
		A9710F0C253DDD3400D8E345 /* Navigator.swift in Sources */ = {isa = PBXBuildFile; fileRef = A9710F0B253DDD3300D8E345 /* Navigator.swift */; };
		A971B73825348F2700E18DCE /* Vision.swift in Sources */ = {isa = PBXBuildFile; fileRef = A971B73725348F2700E18DCE /* Vision.swift */; };
		A98414E62530B6720025811E /* TakeSnapshotView.swift in Sources */ = {isa = PBXBuildFile; fileRef = A98414E52530B6720025811E /* TakeSnapshotView.swift */; };
		A98949E62542CDBF00FEC6CD /* InfoPlist.strings in Resources */ = {isa = PBXBuildFile; fileRef = A98949E42542CDBF00FEC6CD /* InfoPlist.strings */; };
		A98949E92542CDBF00FEC6CD /* Localizable.strings in Resources */ = {isa = PBXBuildFile; fileRef = A98949E72542CDBF00FEC6CD /* Localizable.strings */; };
		A98AA8AA256159FA00047B77 /* FocusArea.swift in Sources */ = {isa = PBXBuildFile; fileRef = A98AA8A9256159FA00047B77 /* FocusArea.swift */; };
		A99D62212545CAFA00ED276C /* ScoreBadge.swift in Sources */ = {isa = PBXBuildFile; fileRef = A99D62202545CAFA00ED276C /* ScoreBadge.swift */; };
		A9A47AB32530C54F00E0A812 /* ScanExpiryDate.swift in Sources */ = {isa = PBXBuildFile; fileRef = A9A47AB22530C54F00E0A812 /* ScanExpiryDate.swift */; };
		A9A72C5624FBA70F00BD7F2D /* StatusMessage.swift in Sources */ = {isa = PBXBuildFile; fileRef = A9A72C5524FBA70F00BD7F2D /* StatusMessage.swift */; };
		A9A72C5824FBA9FC00BD7F2D /* StatusMessageView.swift in Sources */ = {isa = PBXBuildFile; fileRef = A9A72C5724FBA9FC00BD7F2D /* StatusMessageView.swift */; };
		A9AA7CDF2539961E0044BB3C /* Notifier.swift in Sources */ = {isa = PBXBuildFile; fileRef = A9AA7CDE2539961E0044BB3C /* Notifier.swift */; };
		A9AA7CE32539B3C60044BB3C /* DataModelExtensions.swift in Sources */ = {isa = PBXBuildFile; fileRef = A9AA7CE22539B3C60044BB3C /* DataModelExtensions.swift */; };
		A9AA7CE72539B4660044BB3C /* Time.swift in Sources */ = {isa = PBXBuildFile; fileRef = A9AA7CE62539B4660044BB3C /* Time.swift */; };
		A9BAE99A254305D000EB9433 /* Settings.swift in Sources */ = {isa = PBXBuildFile; fileRef = A9BAE999254305D000EB9433 /* Settings.swift */; };
		A9BAE99E2543068600EB9433 /* ArchivedProducts.swift in Sources */ = {isa = PBXBuildFile; fileRef = A9BAE99D2543068600EB9433 /* ArchivedProducts.swift */; };
		A9BAE9A2254307E300EB9433 /* ProductThumbnail.swift in Sources */ = {isa = PBXBuildFile; fileRef = A9BAE9A1254307E300EB9433 /* ProductThumbnail.swift */; };
		A9DCF342258F84A000A6BA70 /* Logger.swift in Sources */ = {isa = PBXBuildFile; fileRef = A9DCF341258F84A000A6BA70 /* Logger.swift */; };
		A9DCF36A258F8F6C00A6BA70 /* ImportExport.swift in Sources */ = {isa = PBXBuildFile; fileRef = A9DCF369258F8F6C00A6BA70 /* ImportExport.swift */; };
		A9ECA6E6253F1578004A1473 /* ProductView.swift in Sources */ = {isa = PBXBuildFile; fileRef = A9ECA6E5253F1578004A1473 /* ProductView.swift */; };
		A9F4569D24EDB19B00481833 /* AppDelegate.swift in Sources */ = {isa = PBXBuildFile; fileRef = A9F4569C24EDB19B00481833 /* AppDelegate.swift */; };
		A9F4569F24EDB19B00481833 /* SceneDelegate.swift in Sources */ = {isa = PBXBuildFile; fileRef = A9F4569E24EDB19B00481833 /* SceneDelegate.swift */; };
		A9F456A124EDB19B00481833 /* ContentView.swift in Sources */ = {isa = PBXBuildFile; fileRef = A9F456A024EDB19B00481833 /* ContentView.swift */; };
		A9F456A324EDB19E00481833 /* Assets.xcassets in Resources */ = {isa = PBXBuildFile; fileRef = A9F456A224EDB19E00481833 /* Assets.xcassets */; };
		A9F456A624EDB19E00481833 /* Preview Assets.xcassets in Resources */ = {isa = PBXBuildFile; fileRef = A9F456A524EDB19E00481833 /* Preview Assets.xcassets */; };
		A9F456B424EDB19E00481833 /* pantryTests.swift in Sources */ = {isa = PBXBuildFile; fileRef = A9F456B324EDB19E00481833 /* pantryTests.swift */; };
		A9F456BF24F0207400481833 /* ScanProduct.swift in Sources */ = {isa = PBXBuildFile; fileRef = A9F456BE24F0207400481833 /* ScanProduct.swift */; };
		A9F456C724F2A0DB00481833 /* CameraView.swift in Sources */ = {isa = PBXBuildFile; fileRef = A9F456C624F2A0DB00481833 /* CameraView.swift */; };
		A9F456C924F2A0EA00481833 /* CameraUIView.swift in Sources */ = {isa = PBXBuildFile; fileRef = A9F456C824F2A0EA00481833 /* CameraUIView.swift */; };
		A9F456CB24F2A0FA00481833 /* Camera.swift in Sources */ = {isa = PBXBuildFile; fileRef = A9F456CA24F2A0FA00481833 /* Camera.swift */; };
		A9F456D424F93AD500481833 /* DataModel.xcdatamodeld in Sources */ = {isa = PBXBuildFile; fileRef = A9F456D224F93AD500481833 /* DataModel.xcdatamodeld */; };
		A9F4573824FA8F7200481833 /* InventoryView.swift in Sources */ = {isa = PBXBuildFile; fileRef = A9F4573724FA8F7200481833 /* InventoryView.swift */; };
		BF6C6E60F436BAA81C4863A0 /* Pods_pantryTests.framework in Frameworks */ = {isa = PBXBuildFile; fileRef = F343742F78C7D8EC89166AE9 /* Pods_pantryTests.framework */; };
/* End PBXBuildFile section */

/* Begin PBXContainerItemProxy section */
		A9F456B024EDB19E00481833 /* PBXContainerItemProxy */ = {
			isa = PBXContainerItemProxy;
			containerPortal = A9F4569124EDB19B00481833 /* Project object */;
			proxyType = 1;
			remoteGlobalIDString = A9F4569824EDB19B00481833;
			remoteInfo = pantry;
		};
/* End PBXContainerItemProxy section */

/* Begin PBXFileReference section */
		1619AD0F4FEBCEC3D4E3B75C /* Pods_pantry.framework */ = {isa = PBXFileReference; explicitFileType = wrapper.framework; includeInIndex = 0; path = Pods_pantry.framework; sourceTree = BUILT_PRODUCTS_DIR; };
		6DDF027C9086692215926334 /* Pods-pantry.debug.xcconfig */ = {isa = PBXFileReference; includeInIndex = 1; lastKnownFileType = text.xcconfig; name = "Pods-pantry.debug.xcconfig"; path = "Target Support Files/Pods-pantry/Pods-pantry.debug.xcconfig"; sourceTree = "<group>"; };
		A90CB7DB2535986900852E1D /* ExpiryDateParser.swift */ = {isa = PBXFileReference; lastKnownFileType = sourcecode.swift; path = ExpiryDateParser.swift; sourceTree = "<group>"; };
		A917893A253B52F400D2C826 /* App.swift */ = {isa = PBXFileReference; fileEncoding = 4; lastKnownFileType = sourcecode.swift; path = App.swift; sourceTree = "<group>"; };
		A9304C2D255180F9000D9165 /* SearchField.swift */ = {isa = PBXFileReference; lastKnownFileType = sourcecode.swift; path = SearchField.swift; sourceTree = "<group>"; };
		A94A34A125377F69006C4FD6 /* SwipeModifier.swift */ = {isa = PBXFileReference; lastKnownFileType = sourcecode.swift; path = SwipeModifier.swift; sourceTree = "<group>"; };
		A94A34A525383BA8006C4FD6 /* ProductCard.swift */ = {isa = PBXFileReference; lastKnownFileType = sourcecode.swift; path = ProductCard.swift; sourceTree = "<group>"; };
		A953EB3E25599C9500E1CB12 /* ExpiryDateOptions.swift */ = {isa = PBXFileReference; lastKnownFileType = sourcecode.swift; path = ExpiryDateOptions.swift; sourceTree = "<group>"; };
		A9710F0B253DDD3300D8E345 /* Navigator.swift */ = {isa = PBXFileReference; lastKnownFileType = sourcecode.swift; path = Navigator.swift; sourceTree = "<group>"; };
		A971B73725348F2700E18DCE /* Vision.swift */ = {isa = PBXFileReference; lastKnownFileType = sourcecode.swift; path = Vision.swift; sourceTree = "<group>"; };
		A98414E52530B6720025811E /* TakeSnapshotView.swift */ = {isa = PBXFileReference; lastKnownFileType = sourcecode.swift; path = TakeSnapshotView.swift; sourceTree = "<group>"; };
		A98949E52542CDBF00FEC6CD /* de */ = {isa = PBXFileReference; lastKnownFileType = text.plist.strings; name = de; path = de.lproj/InfoPlist.strings; sourceTree = "<group>"; };
		A98949E82542CDBF00FEC6CD /* de */ = {isa = PBXFileReference; lastKnownFileType = text.plist.strings; name = de; path = de.lproj/Localizable.strings; sourceTree = "<group>"; };
		A98AA8A9256159FA00047B77 /* FocusArea.swift */ = {isa = PBXFileReference; lastKnownFileType = sourcecode.swift; path = FocusArea.swift; sourceTree = "<group>"; };
		A99D62202545CAFA00ED276C /* ScoreBadge.swift */ = {isa = PBXFileReference; lastKnownFileType = sourcecode.swift; path = ScoreBadge.swift; sourceTree = "<group>"; };
		A9A47AB22530C54F00E0A812 /* ScanExpiryDate.swift */ = {isa = PBXFileReference; lastKnownFileType = sourcecode.swift; path = ScanExpiryDate.swift; sourceTree = "<group>"; };
		A9A72C5524FBA70F00BD7F2D /* StatusMessage.swift */ = {isa = PBXFileReference; lastKnownFileType = sourcecode.swift; path = StatusMessage.swift; sourceTree = "<group>"; };
		A9A72C5724FBA9FC00BD7F2D /* StatusMessageView.swift */ = {isa = PBXFileReference; lastKnownFileType = sourcecode.swift; path = StatusMessageView.swift; sourceTree = "<group>"; };
		A9AA7CDE2539961E0044BB3C /* Notifier.swift */ = {isa = PBXFileReference; lastKnownFileType = sourcecode.swift; path = Notifier.swift; sourceTree = "<group>"; };
		A9AA7CE22539B3C60044BB3C /* DataModelExtensions.swift */ = {isa = PBXFileReference; lastKnownFileType = sourcecode.swift; path = DataModelExtensions.swift; sourceTree = "<group>"; };
		A9AA7CE62539B4660044BB3C /* Time.swift */ = {isa = PBXFileReference; lastKnownFileType = sourcecode.swift; path = Time.swift; sourceTree = "<group>"; };
		A9BAE999254305D000EB9433 /* Settings.swift */ = {isa = PBXFileReference; lastKnownFileType = sourcecode.swift; path = Settings.swift; sourceTree = "<group>"; };
		A9BAE99D2543068600EB9433 /* ArchivedProducts.swift */ = {isa = PBXFileReference; lastKnownFileType = sourcecode.swift; path = ArchivedProducts.swift; sourceTree = "<group>"; };
		A9BAE9A1254307E300EB9433 /* ProductThumbnail.swift */ = {isa = PBXFileReference; lastKnownFileType = sourcecode.swift; path = ProductThumbnail.swift; sourceTree = "<group>"; };
		A9DCF341258F84A000A6BA70 /* Logger.swift */ = {isa = PBXFileReference; lastKnownFileType = sourcecode.swift; path = Logger.swift; sourceTree = "<group>"; };
		A9DCF369258F8F6C00A6BA70 /* ImportExport.swift */ = {isa = PBXFileReference; lastKnownFileType = sourcecode.swift; path = ImportExport.swift; sourceTree = "<group>"; };
		A9ECA6E5253F1578004A1473 /* ProductView.swift */ = {isa = PBXFileReference; lastKnownFileType = sourcecode.swift; path = ProductView.swift; sourceTree = "<group>"; };
		A9EFAAB0253F03A6005C9587 /* pantry.entitlements */ = {isa = PBXFileReference; lastKnownFileType = text.plist.entitlements; path = pantry.entitlements; sourceTree = "<group>"; };
		A9F4569924EDB19B00481833 /* Plenti.app */ = {isa = PBXFileReference; explicitFileType = wrapper.application; includeInIndex = 0; path = Plenti.app; sourceTree = BUILT_PRODUCTS_DIR; };
		A9F4569C24EDB19B00481833 /* AppDelegate.swift */ = {isa = PBXFileReference; lastKnownFileType = sourcecode.swift; path = AppDelegate.swift; sourceTree = "<group>"; };
		A9F4569E24EDB19B00481833 /* SceneDelegate.swift */ = {isa = PBXFileReference; lastKnownFileType = sourcecode.swift; path = SceneDelegate.swift; sourceTree = "<group>"; };
		A9F456A024EDB19B00481833 /* ContentView.swift */ = {isa = PBXFileReference; lastKnownFileType = sourcecode.swift; path = ContentView.swift; sourceTree = "<group>"; };
		A9F456A224EDB19E00481833 /* Assets.xcassets */ = {isa = PBXFileReference; lastKnownFileType = folder.assetcatalog; path = Assets.xcassets; sourceTree = "<group>"; };
		A9F456A524EDB19E00481833 /* Preview Assets.xcassets */ = {isa = PBXFileReference; lastKnownFileType = folder.assetcatalog; path = "Preview Assets.xcassets"; sourceTree = "<group>"; };
		A9F456AA24EDB19E00481833 /* Info.plist */ = {isa = PBXFileReference; lastKnownFileType = text.plist.xml; path = Info.plist; sourceTree = "<group>"; };
		A9F456AF24EDB19E00481833 /* pantryTests.xctest */ = {isa = PBXFileReference; explicitFileType = wrapper.cfbundle; includeInIndex = 0; path = pantryTests.xctest; sourceTree = BUILT_PRODUCTS_DIR; };
		A9F456B324EDB19E00481833 /* pantryTests.swift */ = {isa = PBXFileReference; lastKnownFileType = sourcecode.swift; path = pantryTests.swift; sourceTree = "<group>"; };
		A9F456B524EDB19E00481833 /* Info.plist */ = {isa = PBXFileReference; lastKnownFileType = text.plist.xml; path = Info.plist; sourceTree = "<group>"; };
		A9F456BE24F0207400481833 /* ScanProduct.swift */ = {isa = PBXFileReference; lastKnownFileType = sourcecode.swift; path = ScanProduct.swift; sourceTree = "<group>"; };
		A9F456C624F2A0DB00481833 /* CameraView.swift */ = {isa = PBXFileReference; lastKnownFileType = sourcecode.swift; path = CameraView.swift; sourceTree = "<group>"; };
		A9F456C824F2A0EA00481833 /* CameraUIView.swift */ = {isa = PBXFileReference; lastKnownFileType = sourcecode.swift; path = CameraUIView.swift; sourceTree = "<group>"; };
		A9F456CA24F2A0FA00481833 /* Camera.swift */ = {isa = PBXFileReference; lastKnownFileType = sourcecode.swift; path = Camera.swift; sourceTree = "<group>"; };
		A9F456D324F93AD500481833 /* Product.xcdatamodel */ = {isa = PBXFileReference; lastKnownFileType = wrapper.xcdatamodel; path = Product.xcdatamodel; sourceTree = "<group>"; };
		A9F4573724FA8F7200481833 /* InventoryView.swift */ = {isa = PBXFileReference; lastKnownFileType = sourcecode.swift; path = InventoryView.swift; sourceTree = "<group>"; };
		C8AE38ECC5955D2CCDC597DD /* Pods-pantry.release.xcconfig */ = {isa = PBXFileReference; includeInIndex = 1; lastKnownFileType = text.xcconfig; name = "Pods-pantry.release.xcconfig"; path = "Target Support Files/Pods-pantry/Pods-pantry.release.xcconfig"; sourceTree = "<group>"; };
		E06ABC227FCCDD6CC3A8D174 /* Pods-pantryTests.debug.xcconfig */ = {isa = PBXFileReference; includeInIndex = 1; lastKnownFileType = text.xcconfig; name = "Pods-pantryTests.debug.xcconfig"; path = "Target Support Files/Pods-pantryTests/Pods-pantryTests.debug.xcconfig"; sourceTree = "<group>"; };
		EC603360B51A791A54178074 /* Pods-pantryTests.release.xcconfig */ = {isa = PBXFileReference; includeInIndex = 1; lastKnownFileType = text.xcconfig; name = "Pods-pantryTests.release.xcconfig"; path = "Target Support Files/Pods-pantryTests/Pods-pantryTests.release.xcconfig"; sourceTree = "<group>"; };
		F343742F78C7D8EC89166AE9 /* Pods_pantryTests.framework */ = {isa = PBXFileReference; explicitFileType = wrapper.framework; includeInIndex = 0; path = Pods_pantryTests.framework; sourceTree = BUILT_PRODUCTS_DIR; };
/* End PBXFileReference section */

/* Begin PBXFrameworksBuildPhase section */
		A9F4569624EDB19B00481833 /* Frameworks */ = {
			isa = PBXFrameworksBuildPhase;
			buildActionMask = 2147483647;
			files = (
				A1F647E8D7E6D8003E9AF15F /* Pods_pantry.framework in Frameworks */,
			);
			runOnlyForDeploymentPostprocessing = 0;
		};
		A9F456AC24EDB19E00481833 /* Frameworks */ = {
			isa = PBXFrameworksBuildPhase;
			buildActionMask = 2147483647;
			files = (
				BF6C6E60F436BAA81C4863A0 /* Pods_pantryTests.framework in Frameworks */,
			);
			runOnlyForDeploymentPostprocessing = 0;
		};
/* End PBXFrameworksBuildPhase section */

/* Begin PBXGroup section */
		A9A72C5A24FBD54300BD7F2D /* Views */ = {
			isa = PBXGroup;
			children = (
				A9F456BE24F0207400481833 /* ScanProduct.swift */,
				A9F4573724FA8F7200481833 /* InventoryView.swift */,
				A9F456A024EDB19B00481833 /* ContentView.swift */,
				A9ECA6E5253F1578004A1473 /* ProductView.swift */,
				A9BAE999254305D000EB9433 /* Settings.swift */,
				A9BAE99D2543068600EB9433 /* ArchivedProducts.swift */,
			);
			path = Views;
			sourceTree = "<group>";
		};
		A9A72C5B24FBD57300BD7F2D /* Widgets */ = {
			isa = PBXGroup;
			children = (
				A9F456C624F2A0DB00481833 /* CameraView.swift */,
				A9A72C5724FBA9FC00BD7F2D /* StatusMessageView.swift */,
				A98414E52530B6720025811E /* TakeSnapshotView.swift */,
				A9A47AB22530C54F00E0A812 /* ScanExpiryDate.swift */,
				A94A34A525383BA8006C4FD6 /* ProductCard.swift */,
				A9BAE9A1254307E300EB9433 /* ProductThumbnail.swift */,
				A99D62202545CAFA00ED276C /* ScoreBadge.swift */,
				A9304C2D255180F9000D9165 /* SearchField.swift */,
				A953EB3E25599C9500E1CB12 /* ExpiryDateOptions.swift */,
				A98AA8A9256159FA00047B77 /* FocusArea.swift */,
			);
			path = Widgets;
			sourceTree = "<group>";
		};
		A9A72C5C24FBD5AD00BD7F2D /* Helpers */ = {
			isa = PBXGroup;
			children = (
				A917893A253B52F400D2C826 /* App.swift */,
				A9F456C824F2A0EA00481833 /* CameraUIView.swift */,
				A9A72C5524FBA70F00BD7F2D /* StatusMessage.swift */,
				A9F456CA24F2A0FA00481833 /* Camera.swift */,
				A971B73725348F2700E18DCE /* Vision.swift */,
				A90CB7DB2535986900852E1D /* ExpiryDateParser.swift */,
				A94A34A125377F69006C4FD6 /* SwipeModifier.swift */,
				A9AA7CDE2539961E0044BB3C /* Notifier.swift */,
				A9AA7CE22539B3C60044BB3C /* DataModelExtensions.swift */,
				A9AA7CE62539B4660044BB3C /* Time.swift */,
				A9710F0B253DDD3300D8E345 /* Navigator.swift */,
				A9DCF341258F84A000A6BA70 /* Logger.swift */,
				A9DCF369258F8F6C00A6BA70 /* ImportExport.swift */,
			);
			path = Helpers;
			sourceTree = "<group>";
		};
		A9F4569024EDB19B00481833 = {
			isa = PBXGroup;
			children = (
				A9F456D224F93AD500481833 /* DataModel.xcdatamodeld */,
				A9F4569B24EDB19B00481833 /* pantry */,
				A9F456B224EDB19E00481833 /* pantryTests */,
				A9F4569A24EDB19B00481833 /* Products */,
				C807BD80AC66FAB9E9C1BF27 /* Pods */,
				F736A1EBCD5C10F7FE36864D /* Frameworks */,
			);
			sourceTree = "<group>";
		};
		A9F4569A24EDB19B00481833 /* Products */ = {
			isa = PBXGroup;
			children = (
				A9F4569924EDB19B00481833 /* Plenti.app */,
				A9F456AF24EDB19E00481833 /* pantryTests.xctest */,
			);
			name = Products;
			sourceTree = "<group>";
		};
		A9F4569B24EDB19B00481833 /* pantry */ = {
			isa = PBXGroup;
			children = (
				A9EFAAB0253F03A6005C9587 /* pantry.entitlements */,
				A9A72C5C24FBD5AD00BD7F2D /* Helpers */,
				A9A72C5B24FBD57300BD7F2D /* Widgets */,
				A9A72C5A24FBD54300BD7F2D /* Views */,
				A9F4569C24EDB19B00481833 /* AppDelegate.swift */,
				A9F4569E24EDB19B00481833 /* SceneDelegate.swift */,
				A9F456A224EDB19E00481833 /* Assets.xcassets */,
				A9F456AA24EDB19E00481833 /* Info.plist */,
				A98949E72542CDBF00FEC6CD /* Localizable.strings */,
				A98949E42542CDBF00FEC6CD /* InfoPlist.strings */,
				A9F456A424EDB19E00481833 /* Preview Content */,
			);
			path = pantry;
			sourceTree = "<group>";
		};
		A9F456A424EDB19E00481833 /* Preview Content */ = {
			isa = PBXGroup;
			children = (
				A9F456A524EDB19E00481833 /* Preview Assets.xcassets */,
			);
			path = "Preview Content";
			sourceTree = "<group>";
		};
		A9F456B224EDB19E00481833 /* pantryTests */ = {
			isa = PBXGroup;
			children = (
				A9F456B324EDB19E00481833 /* pantryTests.swift */,
				A9F456B524EDB19E00481833 /* Info.plist */,
			);
			path = pantryTests;
			sourceTree = "<group>";
		};
		C807BD80AC66FAB9E9C1BF27 /* Pods */ = {
			isa = PBXGroup;
			children = (
				6DDF027C9086692215926334 /* Pods-pantry.debug.xcconfig */,
				C8AE38ECC5955D2CCDC597DD /* Pods-pantry.release.xcconfig */,
				E06ABC227FCCDD6CC3A8D174 /* Pods-pantryTests.debug.xcconfig */,
				EC603360B51A791A54178074 /* Pods-pantryTests.release.xcconfig */,
			);
			path = Pods;
			sourceTree = "<group>";
		};
		F736A1EBCD5C10F7FE36864D /* Frameworks */ = {
			isa = PBXGroup;
			children = (
				1619AD0F4FEBCEC3D4E3B75C /* Pods_pantry.framework */,
				F343742F78C7D8EC89166AE9 /* Pods_pantryTests.framework */,
			);
			name = Frameworks;
			sourceTree = "<group>";
		};
/* End PBXGroup section */

/* Begin PBXNativeTarget section */
		A9F4569824EDB19B00481833 /* pantry */ = {
			isa = PBXNativeTarget;
			buildConfigurationList = A9F456B824EDB19E00481833 /* Build configuration list for PBXNativeTarget "pantry" */;
			buildPhases = (
				B97A887E28C4A83259D5B7D9 /* [CP] Check Pods Manifest.lock */,
				A9F4569524EDB19B00481833 /* Sources */,
				A9F4569624EDB19B00481833 /* Frameworks */,
				A9F4569724EDB19B00481833 /* Resources */,
				F33CA0E101BD754ABF17D6E6 /* [CP] Copy Pods Resources */,
				960F568E6522D77AD768C2D4 /* [CP] Embed Pods Frameworks */,
			);
			buildRules = (
			);
			dependencies = (
			);
			name = pantry;
			productName = pantry;
			productReference = A9F4569924EDB19B00481833 /* Plenti.app */;
			productType = "com.apple.product-type.application";
		};
		A9F456AE24EDB19E00481833 /* pantryTests */ = {
			isa = PBXNativeTarget;
			buildConfigurationList = A9F456BB24EDB19E00481833 /* Build configuration list for PBXNativeTarget "pantryTests" */;
			buildPhases = (
				2596CED22912CD657F7FEC7E /* [CP] Check Pods Manifest.lock */,
				A9F456AB24EDB19E00481833 /* Sources */,
				A9F456AC24EDB19E00481833 /* Frameworks */,
				A9F456AD24EDB19E00481833 /* Resources */,
			);
			buildRules = (
			);
			dependencies = (
				A9F456B124EDB19E00481833 /* PBXTargetDependency */,
			);
			name = pantryTests;
			productName = pantryTests;
			productReference = A9F456AF24EDB19E00481833 /* pantryTests.xctest */;
			productType = "com.apple.product-type.bundle.unit-test";
		};
/* End PBXNativeTarget section */

/* Begin PBXProject section */
		A9F4569124EDB19B00481833 /* Project object */ = {
			isa = PBXProject;
			attributes = {
				LastSwiftUpdateCheck = 1160;
				LastUpgradeCheck = 1200;
				ORGANIZATIONNAME = Joris;
				TargetAttributes = {
					A9F4569824EDB19B00481833 = {
						CreatedOnToolsVersion = 11.6;
					};
					A9F456AE24EDB19E00481833 = {
						CreatedOnToolsVersion = 11.6;
						TestTargetID = A9F4569824EDB19B00481833;
					};
				};
			};
			buildConfigurationList = A9F4569424EDB19B00481833 /* Build configuration list for PBXProject "pantry" */;
			compatibilityVersion = "Xcode 12.0";
			developmentRegion = en;
			hasScannedForEncodings = 0;
			knownRegions = (
				en,
				Base,
				de,
			);
			mainGroup = A9F4569024EDB19B00481833;
			productRefGroup = A9F4569A24EDB19B00481833 /* Products */;
			projectDirPath = "";
			projectRoot = "";
			targets = (
				A9F4569824EDB19B00481833 /* pantry */,
				A9F456AE24EDB19E00481833 /* pantryTests */,
			);
		};
/* End PBXProject section */

/* Begin PBXResourcesBuildPhase section */
		A9F4569724EDB19B00481833 /* Resources */ = {
			isa = PBXResourcesBuildPhase;
			buildActionMask = 2147483647;
			files = (
				A98949E92542CDBF00FEC6CD /* Localizable.strings in Resources */,
				A98949E62542CDBF00FEC6CD /* InfoPlist.strings in Resources */,
				A9F456A624EDB19E00481833 /* Preview Assets.xcassets in Resources */,
				A9F456A324EDB19E00481833 /* Assets.xcassets in Resources */,
			);
			runOnlyForDeploymentPostprocessing = 0;
		};
		A9F456AD24EDB19E00481833 /* Resources */ = {
			isa = PBXResourcesBuildPhase;
			buildActionMask = 2147483647;
			files = (
			);
			runOnlyForDeploymentPostprocessing = 0;
		};
/* End PBXResourcesBuildPhase section */

/* Begin PBXShellScriptBuildPhase section */
		2596CED22912CD657F7FEC7E /* [CP] Check Pods Manifest.lock */ = {
			isa = PBXShellScriptBuildPhase;
			buildActionMask = 2147483647;
			files = (
			);
			inputFileListPaths = (
			);
			inputPaths = (
				"${PODS_PODFILE_DIR_PATH}/Podfile.lock",
				"${PODS_ROOT}/Manifest.lock",
			);
			name = "[CP] Check Pods Manifest.lock";
			outputFileListPaths = (
			);
			outputPaths = (
				"$(DERIVED_FILE_DIR)/Pods-pantryTests-checkManifestLockResult.txt",
			);
			runOnlyForDeploymentPostprocessing = 0;
			shellPath = /bin/sh;
			shellScript = "diff \"${PODS_PODFILE_DIR_PATH}/Podfile.lock\" \"${PODS_ROOT}/Manifest.lock\" > /dev/null\nif [ $? != 0 ] ; then\n    # print error to STDERR\n    echo \"error: The sandbox is not in sync with the Podfile.lock. Run 'pod install' or update your CocoaPods installation.\" >&2\n    exit 1\nfi\n# This output is used by Xcode 'outputs' to avoid re-running this script phase.\necho \"SUCCESS\" > \"${SCRIPT_OUTPUT_FILE_0}\"\n";
			showEnvVarsInLog = 0;
		};
		960F568E6522D77AD768C2D4 /* [CP] Embed Pods Frameworks */ = {
			isa = PBXShellScriptBuildPhase;
			buildActionMask = 2147483647;
			files = (
			);
			inputFileListPaths = (
				"${PODS_ROOT}/Target Support Files/Pods-pantry/Pods-pantry-frameworks-${CONFIGURATION}-input-files.xcfilelist",
			);
			name = "[CP] Embed Pods Frameworks";
			outputFileListPaths = (
				"${PODS_ROOT}/Target Support Files/Pods-pantry/Pods-pantry-frameworks-${CONFIGURATION}-output-files.xcfilelist",
			);
			runOnlyForDeploymentPostprocessing = 0;
			shellPath = /bin/sh;
			shellScript = "\"${PODS_ROOT}/Target Support Files/Pods-pantry/Pods-pantry-frameworks.sh\"\n";
			showEnvVarsInLog = 0;
		};
		B97A887E28C4A83259D5B7D9 /* [CP] Check Pods Manifest.lock */ = {
			isa = PBXShellScriptBuildPhase;
			buildActionMask = 2147483647;
			files = (
			);
			inputFileListPaths = (
			);
			inputPaths = (
				"${PODS_PODFILE_DIR_PATH}/Podfile.lock",
				"${PODS_ROOT}/Manifest.lock",
			);
			name = "[CP] Check Pods Manifest.lock";
			outputFileListPaths = (
			);
			outputPaths = (
				"$(DERIVED_FILE_DIR)/Pods-pantry-checkManifestLockResult.txt",
			);
			runOnlyForDeploymentPostprocessing = 0;
			shellPath = /bin/sh;
			shellScript = "diff \"${PODS_PODFILE_DIR_PATH}/Podfile.lock\" \"${PODS_ROOT}/Manifest.lock\" > /dev/null\nif [ $? != 0 ] ; then\n    # print error to STDERR\n    echo \"error: The sandbox is not in sync with the Podfile.lock. Run 'pod install' or update your CocoaPods installation.\" >&2\n    exit 1\nfi\n# This output is used by Xcode 'outputs' to avoid re-running this script phase.\necho \"SUCCESS\" > \"${SCRIPT_OUTPUT_FILE_0}\"\n";
			showEnvVarsInLog = 0;
		};
		F33CA0E101BD754ABF17D6E6 /* [CP] Copy Pods Resources */ = {
			isa = PBXShellScriptBuildPhase;
			buildActionMask = 2147483647;
			files = (
			);
			inputFileListPaths = (
				"${PODS_ROOT}/Target Support Files/Pods-pantry/Pods-pantry-resources-${CONFIGURATION}-input-files.xcfilelist",
			);
			name = "[CP] Copy Pods Resources";
			outputFileListPaths = (
				"${PODS_ROOT}/Target Support Files/Pods-pantry/Pods-pantry-resources-${CONFIGURATION}-output-files.xcfilelist",
			);
			runOnlyForDeploymentPostprocessing = 0;
			shellPath = /bin/sh;
			shellScript = "\"${PODS_ROOT}/Target Support Files/Pods-pantry/Pods-pantry-resources.sh\"\n";
			showEnvVarsInLog = 0;
		};
/* End PBXShellScriptBuildPhase section */

/* Begin PBXSourcesBuildPhase section */
		A9F4569524EDB19B00481833 /* Sources */ = {
			isa = PBXSourcesBuildPhase;
			buildActionMask = 2147483647;
			files = (
				A9DCF342258F84A000A6BA70 /* Logger.swift in Sources */,
				A9F4569D24EDB19B00481833 /* AppDelegate.swift in Sources */,
				A971B73825348F2700E18DCE /* Vision.swift in Sources */,
				A94A34A625383BA8006C4FD6 /* ProductCard.swift in Sources */,
				A9F4573824FA8F7200481833 /* InventoryView.swift in Sources */,
				A9BAE99E2543068600EB9433 /* ArchivedProducts.swift in Sources */,
				A9F4569F24EDB19B00481833 /* SceneDelegate.swift in Sources */,
				A9304C2E255180F9000D9165 /* SearchField.swift in Sources */,
				A9710F0C253DDD3400D8E345 /* Navigator.swift in Sources */,
				A9A47AB32530C54F00E0A812 /* ScanExpiryDate.swift in Sources */,
				A9DCF36A258F8F6C00A6BA70 /* ImportExport.swift in Sources */,
				A94A34A225377F69006C4FD6 /* SwipeModifier.swift in Sources */,
				A9AA7CDF2539961E0044BB3C /* Notifier.swift in Sources */,
				A9BAE9A2254307E300EB9433 /* ProductThumbnail.swift in Sources */,
				A9F456D424F93AD500481833 /* DataModel.xcdatamodeld in Sources */,
				A9A72C5624FBA70F00BD7F2D /* StatusMessage.swift in Sources */,
				A99D62212545CAFA00ED276C /* ScoreBadge.swift in Sources */,
				A9ECA6E6253F1578004A1473 /* ProductView.swift in Sources */,
				A98AA8AA256159FA00047B77 /* FocusArea.swift in Sources */,
				A953EB3F25599C9500E1CB12 /* ExpiryDateOptions.swift in Sources */,
				A9F456A124EDB19B00481833 /* ContentView.swift in Sources */,
				A9AA7CE32539B3C60044BB3C /* DataModelExtensions.swift in Sources */,
				A917893B253B52F500D2C826 /* App.swift in Sources */,
				A9AA7CE72539B4660044BB3C /* Time.swift in Sources */,
				A9F456C924F2A0EA00481833 /* CameraUIView.swift in Sources */,
				A90CB7DC2535986900852E1D /* ExpiryDateParser.swift in Sources */,
				A9BAE99A254305D000EB9433 /* Settings.swift in Sources */,
				A9F456C724F2A0DB00481833 /* CameraView.swift in Sources */,
				A98414E62530B6720025811E /* TakeSnapshotView.swift in Sources */,
				A9F456CB24F2A0FA00481833 /* Camera.swift in Sources */,
				A9A72C5824FBA9FC00BD7F2D /* StatusMessageView.swift in Sources */,
				A9F456BF24F0207400481833 /* ScanProduct.swift in Sources */,
			);
			runOnlyForDeploymentPostprocessing = 0;
		};
		A9F456AB24EDB19E00481833 /* Sources */ = {
			isa = PBXSourcesBuildPhase;
			buildActionMask = 2147483647;
			files = (
				A9F456B424EDB19E00481833 /* pantryTests.swift in Sources */,
			);
			runOnlyForDeploymentPostprocessing = 0;
		};
/* End PBXSourcesBuildPhase section */

/* Begin PBXTargetDependency section */
		A9F456B124EDB19E00481833 /* PBXTargetDependency */ = {
			isa = PBXTargetDependency;
			target = A9F4569824EDB19B00481833 /* pantry */;
			targetProxy = A9F456B024EDB19E00481833 /* PBXContainerItemProxy */;
		};
/* End PBXTargetDependency section */

/* Begin PBXVariantGroup section */
		A98949E42542CDBF00FEC6CD /* InfoPlist.strings */ = {
			isa = PBXVariantGroup;
			children = (
				A98949E52542CDBF00FEC6CD /* de */,
			);
			name = InfoPlist.strings;
			sourceTree = "<group>";
		};
		A98949E72542CDBF00FEC6CD /* Localizable.strings */ = {
			isa = PBXVariantGroup;
			children = (
				A98949E82542CDBF00FEC6CD /* de */,
			);
			name = Localizable.strings;
			sourceTree = "<group>";
		};
/* End PBXVariantGroup section */

/* Begin XCBuildConfiguration section */
		A9F456B624EDB19E00481833 /* Debug */ = {
			isa = XCBuildConfiguration;
			buildSettings = {
				ALWAYS_SEARCH_USER_PATHS = NO;
				CLANG_ANALYZER_LOCALIZABILITY_NONLOCALIZED = YES;
				CLANG_ANALYZER_NONNULL = YES;
				CLANG_ANALYZER_NUMBER_OBJECT_CONVERSION = YES_AGGRESSIVE;
				CLANG_CXX_LANGUAGE_STANDARD = "gnu++14";
				CLANG_CXX_LIBRARY = "libc++";
				CLANG_ENABLE_MODULES = YES;
				CLANG_ENABLE_OBJC_ARC = YES;
				CLANG_ENABLE_OBJC_WEAK = YES;
				CLANG_WARN_BLOCK_CAPTURE_AUTORELEASING = YES;
				CLANG_WARN_BOOL_CONVERSION = YES;
				CLANG_WARN_COMMA = YES;
				CLANG_WARN_CONSTANT_CONVERSION = YES;
				CLANG_WARN_DEPRECATED_OBJC_IMPLEMENTATIONS = YES;
				CLANG_WARN_DIRECT_OBJC_ISA_USAGE = YES_ERROR;
				CLANG_WARN_DOCUMENTATION_COMMENTS = YES;
				CLANG_WARN_EMPTY_BODY = YES;
				CLANG_WARN_ENUM_CONVERSION = YES;
				CLANG_WARN_INFINITE_RECURSION = YES;
				CLANG_WARN_INT_CONVERSION = YES;
				CLANG_WARN_NON_LITERAL_NULL_CONVERSION = YES;
				CLANG_WARN_OBJC_IMPLICIT_RETAIN_SELF = YES;
				CLANG_WARN_OBJC_LITERAL_CONVERSION = YES;
				CLANG_WARN_OBJC_ROOT_CLASS = YES_ERROR;
				CLANG_WARN_QUOTED_INCLUDE_IN_FRAMEWORK_HEADER = YES;
				CLANG_WARN_RANGE_LOOP_ANALYSIS = YES;
				CLANG_WARN_STRICT_PROTOTYPES = YES;
				CLANG_WARN_SUSPICIOUS_MOVE = YES;
				CLANG_WARN_UNGUARDED_AVAILABILITY = YES_AGGRESSIVE;
				CLANG_WARN_UNREACHABLE_CODE = YES;
				CLANG_WARN__DUPLICATE_METHOD_MATCH = YES;
				COPY_PHASE_STRIP = NO;
				DEBUG_INFORMATION_FORMAT = dwarf;
				ENABLE_STRICT_OBJC_MSGSEND = YES;
				ENABLE_TESTABILITY = YES;
				GCC_C_LANGUAGE_STANDARD = gnu11;
				GCC_DYNAMIC_NO_PIC = NO;
				GCC_NO_COMMON_BLOCKS = YES;
				GCC_OPTIMIZATION_LEVEL = 0;
				GCC_PREPROCESSOR_DEFINITIONS = (
					"DEBUG=1",
					"$(inherited)",
				);
				GCC_WARN_64_TO_32_BIT_CONVERSION = YES;
				GCC_WARN_ABOUT_RETURN_TYPE = YES_ERROR;
				GCC_WARN_UNDECLARED_SELECTOR = YES;
				GCC_WARN_UNINITIALIZED_AUTOS = YES_AGGRESSIVE;
				GCC_WARN_UNUSED_FUNCTION = YES;
				GCC_WARN_UNUSED_VARIABLE = YES;
				IPHONEOS_DEPLOYMENT_TARGET = 14.3;
				MTL_ENABLE_DEBUG_INFO = INCLUDE_SOURCE;
				MTL_FAST_MATH = YES;
				ONLY_ACTIVE_ARCH = YES;
				SDKROOT = iphoneos;
				SWIFT_ACTIVE_COMPILATION_CONDITIONS = DEBUG;
				SWIFT_OPTIMIZATION_LEVEL = "-Onone";
			};
			name = Debug;
		};
		A9F456B724EDB19E00481833 /* Release */ = {
			isa = XCBuildConfiguration;
			buildSettings = {
				ALWAYS_SEARCH_USER_PATHS = NO;
				CLANG_ANALYZER_LOCALIZABILITY_NONLOCALIZED = YES;
				CLANG_ANALYZER_NONNULL = YES;
				CLANG_ANALYZER_NUMBER_OBJECT_CONVERSION = YES_AGGRESSIVE;
				CLANG_CXX_LANGUAGE_STANDARD = "gnu++14";
				CLANG_CXX_LIBRARY = "libc++";
				CLANG_ENABLE_MODULES = YES;
				CLANG_ENABLE_OBJC_ARC = YES;
				CLANG_ENABLE_OBJC_WEAK = YES;
				CLANG_WARN_BLOCK_CAPTURE_AUTORELEASING = YES;
				CLANG_WARN_BOOL_CONVERSION = YES;
				CLANG_WARN_COMMA = YES;
				CLANG_WARN_CONSTANT_CONVERSION = YES;
				CLANG_WARN_DEPRECATED_OBJC_IMPLEMENTATIONS = YES;
				CLANG_WARN_DIRECT_OBJC_ISA_USAGE = YES_ERROR;
				CLANG_WARN_DOCUMENTATION_COMMENTS = YES;
				CLANG_WARN_EMPTY_BODY = YES;
				CLANG_WARN_ENUM_CONVERSION = YES;
				CLANG_WARN_INFINITE_RECURSION = YES;
				CLANG_WARN_INT_CONVERSION = YES;
				CLANG_WARN_NON_LITERAL_NULL_CONVERSION = YES;
				CLANG_WARN_OBJC_IMPLICIT_RETAIN_SELF = YES;
				CLANG_WARN_OBJC_LITERAL_CONVERSION = YES;
				CLANG_WARN_OBJC_ROOT_CLASS = YES_ERROR;
				CLANG_WARN_QUOTED_INCLUDE_IN_FRAMEWORK_HEADER = YES;
				CLANG_WARN_RANGE_LOOP_ANALYSIS = YES;
				CLANG_WARN_STRICT_PROTOTYPES = YES;
				CLANG_WARN_SUSPICIOUS_MOVE = YES;
				CLANG_WARN_UNGUARDED_AVAILABILITY = YES_AGGRESSIVE;
				CLANG_WARN_UNREACHABLE_CODE = YES;
				CLANG_WARN__DUPLICATE_METHOD_MATCH = YES;
				COPY_PHASE_STRIP = NO;
				DEBUG_INFORMATION_FORMAT = "dwarf-with-dsym";
				ENABLE_NS_ASSERTIONS = NO;
				ENABLE_STRICT_OBJC_MSGSEND = YES;
				GCC_C_LANGUAGE_STANDARD = gnu11;
				GCC_NO_COMMON_BLOCKS = YES;
				GCC_WARN_64_TO_32_BIT_CONVERSION = YES;
				GCC_WARN_ABOUT_RETURN_TYPE = YES_ERROR;
				GCC_WARN_UNDECLARED_SELECTOR = YES;
				GCC_WARN_UNINITIALIZED_AUTOS = YES_AGGRESSIVE;
				GCC_WARN_UNUSED_FUNCTION = YES;
				GCC_WARN_UNUSED_VARIABLE = YES;
				IPHONEOS_DEPLOYMENT_TARGET = 14.3;
				MTL_ENABLE_DEBUG_INFO = NO;
				MTL_FAST_MATH = YES;
				SDKROOT = iphoneos;
				SWIFT_COMPILATION_MODE = wholemodule;
				SWIFT_OPTIMIZATION_LEVEL = "-O";
				VALIDATE_PRODUCT = YES;
			};
			name = Release;
		};
		A9F456B924EDB19E00481833 /* Debug */ = {
			isa = XCBuildConfiguration;
			baseConfigurationReference = 6DDF027C9086692215926334 /* Pods-pantry.debug.xcconfig */;
			buildSettings = {
				ASSETCATALOG_COMPILER_APPICON_NAME = AppIcon;
				CODE_SIGN_ENTITLEMENTS = pantry/pantry.entitlements;
				CODE_SIGN_IDENTITY = "Apple Development";
				CODE_SIGN_STYLE = Automatic;
				DEVELOPMENT_ASSET_PATHS = "\"pantry/Preview Content\"";
				DEVELOPMENT_TEAM = 3VVCAYK524;
				ENABLE_PREVIEWS = NO;
				INFOPLIST_FILE = pantry/Info.plist;
				IPHONEOS_DEPLOYMENT_TARGET = 14.3;
				PRODUCT_BUNDLE_IDENTIFIER = com.jorisio.pantry;
				PRODUCT_NAME = Plenti;
				PROVISIONING_PROFILE_SPECIFIER = "";
				STRIP_INSTALLED_PRODUCT = YES;
				SWIFT_VERSION = 5.0;
				TARGETED_DEVICE_FAMILY = 1;
			};
			name = Debug;
		};
		A9F456BA24EDB19E00481833 /* Release */ = {
			isa = XCBuildConfiguration;
			baseConfigurationReference = C8AE38ECC5955D2CCDC597DD /* Pods-pantry.release.xcconfig */;
			buildSettings = {
				ASSETCATALOG_COMPILER_APPICON_NAME = AppIcon;
				CODE_SIGN_ENTITLEMENTS = pantry/pantry.entitlements;
				CODE_SIGN_IDENTITY = "Apple Development";
				CODE_SIGN_STYLE = Automatic;
				DEVELOPMENT_ASSET_PATHS = "\"pantry/Preview Content\"";
				DEVELOPMENT_TEAM = 3VVCAYK524;
				ENABLE_PREVIEWS = NO;
				INFOPLIST_FILE = pantry/Info.plist;
				IPHONEOS_DEPLOYMENT_TARGET = 14.3;
				PRODUCT_BUNDLE_IDENTIFIER = com.jorisio.pantry;
				PRODUCT_NAME = Plenti;
				PROVISIONING_PROFILE_SPECIFIER = "";
				SWIFT_VERSION = 5.0;
				TARGETED_DEVICE_FAMILY = 1;
			};
			name = Release;
		};
		A9F456BC24EDB19E00481833 /* Debug */ = {
			isa = XCBuildConfiguration;
			baseConfigurationReference = E06ABC227FCCDD6CC3A8D174 /* Pods-pantryTests.debug.xcconfig */;
			buildSettings = {
				ALWAYS_EMBED_SWIFT_STANDARD_LIBRARIES = YES;
				BUNDLE_LOADER = "$(TEST_HOST)";
				CODE_SIGN_STYLE = Automatic;
				DEVELOPMENT_TEAM = 3VVCAYK524;
				INFOPLIST_FILE = pantryTests/Info.plist;
				IPHONEOS_DEPLOYMENT_TARGET = 14.0;
				PRODUCT_BUNDLE_IDENTIFIER = com.jorisio.pantryTests;
				PRODUCT_NAME = "$(TARGET_NAME)";
				SWIFT_VERSION = 5.0;
				TARGETED_DEVICE_FAMILY = "1,2";
				TEST_HOST = "$(BUILT_PRODUCTS_DIR)/Plenti.app/Plenti";
			};
			name = Debug;
		};
		A9F456BD24EDB19E00481833 /* Release */ = {
			isa = XCBuildConfiguration;
			baseConfigurationReference = EC603360B51A791A54178074 /* Pods-pantryTests.release.xcconfig */;
			buildSettings = {
				ALWAYS_EMBED_SWIFT_STANDARD_LIBRARIES = YES;
				BUNDLE_LOADER = "$(TEST_HOST)";
				CODE_SIGN_STYLE = Automatic;
				DEVELOPMENT_TEAM = 3VVCAYK524;
				INFOPLIST_FILE = pantryTests/Info.plist;
				IPHONEOS_DEPLOYMENT_TARGET = 14.0;
				PRODUCT_BUNDLE_IDENTIFIER = com.jorisio.pantryTests;
				PRODUCT_NAME = "$(TARGET_NAME)";
				SWIFT_VERSION = 5.0;
				TARGETED_DEVICE_FAMILY = "1,2";
				TEST_HOST = "$(BUILT_PRODUCTS_DIR)/Plenti.app/Plenti";
			};
			name = Release;
		};
/* End XCBuildConfiguration section */

/* Begin XCConfigurationList section */
		A9F4569424EDB19B00481833 /* Build configuration list for PBXProject "pantry" */ = {
			isa = XCConfigurationList;
			buildConfigurations = (
				A9F456B624EDB19E00481833 /* Debug */,
				A9F456B724EDB19E00481833 /* Release */,
			);
			defaultConfigurationIsVisible = 0;
			defaultConfigurationName = Release;
		};
		A9F456B824EDB19E00481833 /* Build configuration list for PBXNativeTarget "pantry" */ = {
			isa = XCConfigurationList;
			buildConfigurations = (
				A9F456B924EDB19E00481833 /* Debug */,
				A9F456BA24EDB19E00481833 /* Release */,
			);
			defaultConfigurationIsVisible = 0;
			defaultConfigurationName = Release;
		};
		A9F456BB24EDB19E00481833 /* Build configuration list for PBXNativeTarget "pantryTests" */ = {
			isa = XCConfigurationList;
			buildConfigurations = (
				A9F456BC24EDB19E00481833 /* Debug */,
				A9F456BD24EDB19E00481833 /* Release */,
			);
			defaultConfigurationIsVisible = 0;
			defaultConfigurationName = Release;
		};
/* End XCConfigurationList section */

/* Begin XCVersionGroup section */
		A9F456D224F93AD500481833 /* DataModel.xcdatamodeld */ = {
			isa = XCVersionGroup;
			children = (
				A9F456D324F93AD500481833 /* Product.xcdatamodel */,
			);
			currentVersion = A9F456D324F93AD500481833 /* Product.xcdatamodel */;
			path = DataModel.xcdatamodeld;
			sourceTree = "<group>";
			versionGroupType = wrapper.xcdatamodel;
		};
/* End XCVersionGroup section */
	};
	rootObject = A9F4569124EDB19B00481833 /* Project object */;
}
