// !$*UTF8*$!
{
	archiveVersion = 1;
	classes = {
	};
	objectVersion = 50;
	objects = {

/* Begin PBXBuildFile section */
		A9F4569D24EDB19B00481833 /* AppDelegate.swift in Sources */ = {isa = PBXBuildFile; fileRef = A9F4569C24EDB19B00481833 /* AppDelegate.swift */; };
		A9F4569F24EDB19B00481833 /* SceneDelegate.swift in Sources */ = {isa = PBXBuildFile; fileRef = A9F4569E24EDB19B00481833 /* SceneDelegate.swift */; };
		A9F456A124EDB19B00481833 /* ContentView.swift in Sources */ = {isa = PBXBuildFile; fileRef = A9F456A024EDB19B00481833 /* ContentView.swift */; };
		A9F456A324EDB19E00481833 /* Assets.xcassets in Resources */ = {isa = PBXBuildFile; fileRef = A9F456A224EDB19E00481833 /* Assets.xcassets */; };
		A9F456A624EDB19E00481833 /* Preview Assets.xcassets in Resources */ = {isa = PBXBuildFile; fileRef = A9F456A524EDB19E00481833 /* Preview Assets.xcassets */; };
		A9F456A924EDB19E00481833 /* LaunchScreen.storyboard in Resources */ = {isa = PBXBuildFile; fileRef = A9F456A724EDB19E00481833 /* LaunchScreen.storyboard */; };
		A9F456B424EDB19E00481833 /* pantryTests.swift in Sources */ = {isa = PBXBuildFile; fileRef = A9F456B324EDB19E00481833 /* pantryTests.swift */; };
		A9F456BF24F0207400481833 /* ScanProduct.swift in Sources */ = {isa = PBXBuildFile; fileRef = A9F456BE24F0207400481833 /* ScanProduct.swift */; };
		A9F456C724F2A0DB00481833 /* CameraView.swift in Sources */ = {isa = PBXBuildFile; fileRef = A9F456C624F2A0DB00481833 /* CameraView.swift */; };
		A9F456C924F2A0EA00481833 /* CameraUIView.swift in Sources */ = {isa = PBXBuildFile; fileRef = A9F456C824F2A0EA00481833 /* CameraUIView.swift */; };
		A9F456CB24F2A0FA00481833 /* Camera.swift in Sources */ = {isa = PBXBuildFile; fileRef = A9F456CA24F2A0FA00481833 /* Camera.swift */; };
/* End PBXBuildFile section */

/* Begin PBXContainerItemProxy section */
		A9F456B024EDB19E00481833 /* PBXContainerItemProxy */ = {
			isa = PBXContainerItemProxy;
			containerPortal = A9F4569124EDB19B00481833 /* Project object */;
			proxyType = 1;
			remoteGlobalIDString = A9F4569824EDB19B00481833;
			remoteInfo = pantry;
		};
/* End PBXContainerItemProxy section */

/* Begin PBXFileReference section */
		A9F4569924EDB19B00481833 /* pantry.app */ = {isa = PBXFileReference; explicitFileType = wrapper.application; includeInIndex = 0; path = pantry.app; sourceTree = BUILT_PRODUCTS_DIR; };
		A9F4569C24EDB19B00481833 /* AppDelegate.swift */ = {isa = PBXFileReference; lastKnownFileType = sourcecode.swift; path = AppDelegate.swift; sourceTree = "<group>"; };
		A9F4569E24EDB19B00481833 /* SceneDelegate.swift */ = {isa = PBXFileReference; lastKnownFileType = sourcecode.swift; path = SceneDelegate.swift; sourceTree = "<group>"; };
		A9F456A024EDB19B00481833 /* ContentView.swift */ = {isa = PBXFileReference; lastKnownFileType = sourcecode.swift; path = ContentView.swift; sourceTree = "<group>"; };
		A9F456A224EDB19E00481833 /* Assets.xcassets */ = {isa = PBXFileReference; lastKnownFileType = folder.assetcatalog; path = Assets.xcassets; sourceTree = "<group>"; };
		A9F456A524EDB19E00481833 /* Preview Assets.xcassets */ = {isa = PBXFileReference; lastKnownFileType = folder.assetcatalog; path = "Preview Assets.xcassets"; sourceTree = "<group>"; };
		A9F456A824EDB19E00481833 /* Base */ = {isa = PBXFileReference; lastKnownFileType = file.storyboard; name = Base; path = Base.lproj/LaunchScreen.storyboard; sourceTree = "<group>"; };
		A9F456AA24EDB19E00481833 /* Info.plist */ = {isa = PBXFileReference; lastKnownFileType = text.plist.xml; path = Info.plist; sourceTree = "<group>"; };
		A9F456AF24EDB19E00481833 /* pantryTests.xctest */ = {isa = PBXFileReference; explicitFileType = wrapper.cfbundle; includeInIndex = 0; path = pantryTests.xctest; sourceTree = BUILT_PRODUCTS_DIR; };
		A9F456B324EDB19E00481833 /* pantryTests.swift */ = {isa = PBXFileReference; lastKnownFileType = sourcecode.swift; path = pantryTests.swift; sourceTree = "<group>"; };
		A9F456B524EDB19E00481833 /* Info.plist */ = {isa = PBXFileReference; lastKnownFileType = text.plist.xml; path = Info.plist; sourceTree = "<group>"; };
		A9F456BE24F0207400481833 /* ScanProduct.swift */ = {isa = PBXFileReference; lastKnownFileType = sourcecode.swift; path = ScanProduct.swift; sourceTree = "<group>"; };
		A9F456C624F2A0DB00481833 /* CameraView.swift */ = {isa = PBXFileReference; lastKnownFileType = sourcecode.swift; path = CameraView.swift; sourceTree = "<group>"; };
		A9F456C824F2A0EA00481833 /* CameraUIView.swift */ = {isa = PBXFileReference; lastKnownFileType = sourcecode.swift; path = CameraUIView.swift; sourceTree = "<group>"; };
		A9F456CA24F2A0FA00481833 /* Camera.swift */ = {isa = PBXFileReference; lastKnownFileType = sourcecode.swift; path = Camera.swift; sourceTree = "<group>"; };
/* End PBXFileReference section */

/* Begin PBXFrameworksBuildPhase section */
		A9F4569624EDB19B00481833 /* Frameworks */ = {
			isa = PBXFrameworksBuildPhase;
			buildActionMask = 2147483647;
			files = (
			);
			runOnlyForDeploymentPostprocessing = 0;
		};
		A9F456AC24EDB19E00481833 /* Frameworks */ = {
			isa = PBXFrameworksBuildPhase;
			buildActionMask = 2147483647;
			files = (
			);
			runOnlyForDeploymentPostprocessing = 0;
		};
/* End PBXFrameworksBuildPhase section */

/* Begin PBXGroup section */
		A9F4569024EDB19B00481833 = {
			isa = PBXGroup;
			children = (
				A9F4569B24EDB19B00481833 /* pantry */,
				A9F456B224EDB19E00481833 /* pantryTests */,
				A9F4569A24EDB19B00481833 /* Products */,
			);
			sourceTree = "<group>";
		};
		A9F4569A24EDB19B00481833 /* Products */ = {
			isa = PBXGroup;
			children = (
				A9F4569924EDB19B00481833 /* pantry.app */,
				A9F456AF24EDB19E00481833 /* pantryTests.xctest */,
			);
			name = Products;
			sourceTree = "<group>";
		};
		A9F4569B24EDB19B00481833 /* pantry */ = {
			isa = PBXGroup;
			children = (
				A9F456BE24F0207400481833 /* ScanProduct.swift */,
				A9F4569C24EDB19B00481833 /* AppDelegate.swift */,
				A9F4569E24EDB19B00481833 /* SceneDelegate.swift */,
				A9F456A024EDB19B00481833 /* ContentView.swift */,
				A9F456A224EDB19E00481833 /* Assets.xcassets */,
				A9F456A724EDB19E00481833 /* LaunchScreen.storyboard */,
				A9F456AA24EDB19E00481833 /* Info.plist */,
				A9F456A424EDB19E00481833 /* Preview Content */,
				A9F456C624F2A0DB00481833 /* CameraView.swift */,
				A9F456C824F2A0EA00481833 /* CameraUIView.swift */,
				A9F456CA24F2A0FA00481833 /* Camera.swift */,
			);
			path = pantry;
			sourceTree = "<group>";
		};
		A9F456A424EDB19E00481833 /* Preview Content */ = {
			isa = PBXGroup;
			children = (
				A9F456A524EDB19E00481833 /* Preview Assets.xcassets */,
			);
			path = "Preview Content";
			sourceTree = "<group>";
		};
		A9F456B224EDB19E00481833 /* pantryTests */ = {
			isa = PBXGroup;
			children = (
				A9F456B324EDB19E00481833 /* pantryTests.swift */,
				A9F456B524EDB19E00481833 /* Info.plist */,
			);
			path = pantryTests;
			sourceTree = "<group>";
		};
/* End PBXGroup section */

/* Begin PBXNativeTarget section */
		A9F4569824EDB19B00481833 /* pantry */ = {
			isa = PBXNativeTarget;
			buildConfigurationList = A9F456B824EDB19E00481833 /* Build configuration list for PBXNativeTarget "pantry" */;
			buildPhases = (
				A9F4569524EDB19B00481833 /* Sources */,
				A9F4569624EDB19B00481833 /* Frameworks */,
				A9F4569724EDB19B00481833 /* Resources */,
			);
			buildRules = (
			);
			dependencies = (
			);
			name = pantry;
			productName = pantry;
			productReference = A9F4569924EDB19B00481833 /* pantry.app */;
			productType = "com.apple.product-type.application";
		};
		A9F456AE24EDB19E00481833 /* pantryTests */ = {
			isa = PBXNativeTarget;
			buildConfigurationList = A9F456BB24EDB19E00481833 /* Build configuration list for PBXNativeTarget "pantryTests" */;
			buildPhases = (
				A9F456AB24EDB19E00481833 /* Sources */,
				A9F456AC24EDB19E00481833 /* Frameworks */,
				A9F456AD24EDB19E00481833 /* Resources */,
			);
			buildRules = (
			);
			dependencies = (
				A9F456B124EDB19E00481833 /* PBXTargetDependency */,
			);
			name = pantryTests;
			productName = pantryTests;
			productReference = A9F456AF24EDB19E00481833 /* pantryTests.xctest */;
			productType = "com.apple.product-type.bundle.unit-test";
		};
/* End PBXNativeTarget section */

/* Begin PBXProject section */
		A9F4569124EDB19B00481833 /* Project object */ = {
			isa = PBXProject;
			attributes = {
				LastSwiftUpdateCheck = 1160;
				LastUpgradeCheck = 1160;
				ORGANIZATIONNAME = Joris;
				TargetAttributes = {
					A9F4569824EDB19B00481833 = {
						CreatedOnToolsVersion = 11.6;
					};
					A9F456AE24EDB19E00481833 = {
						CreatedOnToolsVersion = 11.6;
						TestTargetID = A9F4569824EDB19B00481833;
					};
				};
			};
			buildConfigurationList = A9F4569424EDB19B00481833 /* Build configuration list for PBXProject "pantry" */;
			compatibilityVersion = "Xcode 9.3";
			developmentRegion = en;
			hasScannedForEncodings = 0;
			knownRegions = (
				en,
				Base,
			);
			mainGroup = A9F4569024EDB19B00481833;
			productRefGroup = A9F4569A24EDB19B00481833 /* Products */;
			projectDirPath = "";
			projectRoot = "";
			targets = (
				A9F4569824EDB19B00481833 /* pantry */,
				A9F456AE24EDB19E00481833 /* pantryTests */,
			);
		};
/* End PBXProject section */

/* Begin PBXResourcesBuildPhase section */
		A9F4569724EDB19B00481833 /* Resources */ = {
			isa = PBXResourcesBuildPhase;
			buildActionMask = 2147483647;
			files = (
				A9F456A924EDB19E00481833 /* LaunchScreen.storyboard in Resources */,
				A9F456A624EDB19E00481833 /* Preview Assets.xcassets in Resources */,
				A9F456A324EDB19E00481833 /* Assets.xcassets in Resources */,
			);
			runOnlyForDeploymentPostprocessing = 0;
		};
		A9F456AD24EDB19E00481833 /* Resources */ = {
			isa = PBXResourcesBuildPhase;
			buildActionMask = 2147483647;
			files = (
			);
			runOnlyForDeploymentPostprocessing = 0;
		};
/* End PBXResourcesBuildPhase section */

/* Begin PBXSourcesBuildPhase section */
		A9F4569524EDB19B00481833 /* Sources */ = {
			isa = PBXSourcesBuildPhase;
			buildActionMask = 2147483647;
			files = (
				A9F4569D24EDB19B00481833 /* AppDelegate.swift in Sources */,
				A9F4569F24EDB19B00481833 /* SceneDelegate.swift in Sources */,
				A9F456A124EDB19B00481833 /* ContentView.swift in Sources */,
				A9F456C924F2A0EA00481833 /* CameraUIView.swift in Sources */,
				A9F456C724F2A0DB00481833 /* CameraView.swift in Sources */,
				A9F456CB24F2A0FA00481833 /* Camera.swift in Sources */,
				A9F456BF24F0207400481833 /* ScanProduct.swift in Sources */,
			);
			runOnlyForDeploymentPostprocessing = 0;
		};
		A9F456AB24EDB19E00481833 /* Sources */ = {
			isa = PBXSourcesBuildPhase;
			buildActionMask = 2147483647;
			files = (
				A9F456B424EDB19E00481833 /* pantryTests.swift in Sources */,
			);
			runOnlyForDeploymentPostprocessing = 0;
		};
/* End PBXSourcesBuildPhase section */

/* Begin PBXTargetDependency section */
		A9F456B124EDB19E00481833 /* PBXTargetDependency */ = {
			isa = PBXTargetDependency;
			target = A9F4569824EDB19B00481833 /* pantry */;
			targetProxy = A9F456B024EDB19E00481833 /* PBXContainerItemProxy */;
		};
/* End PBXTargetDependency section */

/* Begin PBXVariantGroup section */
		A9F456A724EDB19E00481833 /* LaunchScreen.storyboard */ = {
			isa = PBXVariantGroup;
			children = (
				A9F456A824EDB19E00481833 /* Base */,
			);
			name = LaunchScreen.storyboard;
			sourceTree = "<group>";
		};
/* End PBXVariantGroup section */

/* Begin XCBuildConfiguration section */
		A9F456B624EDB19E00481833 /* Debug */ = {
			isa = XCBuildConfiguration;
			buildSettings = {
				ALWAYS_SEARCH_USER_PATHS = NO;
				CLANG_ANALYZER_NONNULL = YES;
				CLANG_ANALYZER_NUMBER_OBJECT_CONVERSION = YES_AGGRESSIVE;
				CLANG_CXX_LANGUAGE_STANDARD = "gnu++14";
				CLANG_CXX_LIBRARY = "libc++";
				CLANG_ENABLE_MODULES = YES;
				CLANG_ENABLE_OBJC_ARC = YES;
				CLANG_ENABLE_OBJC_WEAK = YES;
				CLANG_WARN_BLOCK_CAPTURE_AUTORELEASING = YES;
				CLANG_WARN_BOOL_CONVERSION = YES;
				CLANG_WARN_COMMA = YES;
				CLANG_WARN_CONSTANT_CONVERSION = YES;
				CLANG_WARN_DEPRECATED_OBJC_IMPLEMENTATIONS = YES;
				CLANG_WARN_DIRECT_OBJC_ISA_USAGE = YES_ERROR;
				CLANG_WARN_DOCUMENTATION_COMMENTS = YES;
				CLANG_WARN_EMPTY_BODY = YES;
				CLANG_WARN_ENUM_CONVERSION = YES;
				CLANG_WARN_INFINITE_RECURSION = YES;
				CLANG_WARN_INT_CONVERSION = YES;
				CLANG_WARN_NON_LITERAL_NULL_CONVERSION = YES;
				CLANG_WARN_OBJC_IMPLICIT_RETAIN_SELF = YES;
				CLANG_WARN_OBJC_LITERAL_CONVERSION = YES;
				CLANG_WARN_OBJC_ROOT_CLASS = YES_ERROR;
				CLANG_WARN_RANGE_LOOP_ANALYSIS = YES;
				CLANG_WARN_STRICT_PROTOTYPES = YES;
				CLANG_WARN_SUSPICIOUS_MOVE = YES;
				CLANG_WARN_UNGUARDED_AVAILABILITY = YES_AGGRESSIVE;
				CLANG_WARN_UNREACHABLE_CODE = YES;
				CLANG_WARN__DUPLICATE_METHOD_MATCH = YES;
				COPY_PHASE_STRIP = NO;
				DEBUG_INFORMATION_FORMAT = dwarf;
				ENABLE_STRICT_OBJC_MSGSEND = YES;
				ENABLE_TESTABILITY = YES;
				GCC_C_LANGUAGE_STANDARD = gnu11;
				GCC_DYNAMIC_NO_PIC = NO;
				GCC_NO_COMMON_BLOCKS = YES;
				GCC_OPTIMIZATION_LEVEL = 0;
				GCC_PREPROCESSOR_DEFINITIONS = (
					"DEBUG=1",
					"$(inherited)",
				);
				GCC_WARN_64_TO_32_BIT_CONVERSION = YES;
				GCC_WARN_ABOUT_RETURN_TYPE = YES_ERROR;
				GCC_WARN_UNDECLARED_SELECTOR = YES;
				GCC_WARN_UNINITIALIZED_AUTOS = YES_AGGRESSIVE;
				GCC_WARN_UNUSED_FUNCTION = YES;
				GCC_WARN_UNUSED_VARIABLE = YES;
				IPHONEOS_DEPLOYMENT_TARGET = 13.6;
				MTL_ENABLE_DEBUG_INFO = INCLUDE_SOURCE;
				MTL_FAST_MATH = YES;
				ONLY_ACTIVE_ARCH = YES;
				SDKROOT = iphoneos;
				SWIFT_ACTIVE_COMPILATION_CONDITIONS = DEBUG;
				SWIFT_OPTIMIZATION_LEVEL = "-Onone";
			};
			name = Debug;
		};
		A9F456B724EDB19E00481833 /* Release */ = {
			isa = XCBuildConfiguration;
			buildSettings = {
				ALWAYS_SEARCH_USER_PATHS = NO;
				CLANG_ANALYZER_NONNULL = YES;
				CLANG_ANALYZER_NUMBER_OBJECT_CONVERSION = YES_AGGRESSIVE;
				CLANG_CXX_LANGUAGE_STANDARD = "gnu++14";
				CLANG_CXX_LIBRARY = "libc++";
				CLANG_ENABLE_MODULES = YES;
				CLANG_ENABLE_OBJC_ARC = YES;
				CLANG_ENABLE_OBJC_WEAK = YES;
				CLANG_WARN_BLOCK_CAPTURE_AUTORELEASING = YES;
				CLANG_WARN_BOOL_CONVERSION = YES;
				CLANG_WARN_COMMA = YES;
				CLANG_WARN_CONSTANT_CONVERSION = YES;
				CLANG_WARN_DEPRECATED_OBJC_IMPLEMENTATIONS = YES;
				CLANG_WARN_DIRECT_OBJC_ISA_USAGE = YES_ERROR;
				CLANG_WARN_DOCUMENTATION_COMMENTS = YES;
				CLANG_WARN_EMPTY_BODY = YES;
				CLANG_WARN_ENUM_CONVERSION = YES;
				CLANG_WARN_INFINITE_RECURSION = YES;
				CLANG_WARN_INT_CONVERSION = YES;
				CLANG_WARN_NON_LITERAL_NULL_CONVERSION = YES;
				CLANG_WARN_OBJC_IMPLICIT_RETAIN_SELF = YES;
				CLANG_WARN_OBJC_LITERAL_CONVERSION = YES;
				CLANG_WARN_OBJC_ROOT_CLASS = YES_ERROR;
				CLANG_WARN_RANGE_LOOP_ANALYSIS = YES;
				CLANG_WARN_STRICT_PROTOTYPES = YES;
				CLANG_WARN_SUSPICIOUS_MOVE = YES;
				CLANG_WARN_UNGUARDED_AVAILABILITY = YES_AGGRESSIVE;
				CLANG_WARN_UNREACHABLE_CODE = YES;
				CLANG_WARN__DUPLICATE_METHOD_MATCH = YES;
				COPY_PHASE_STRIP = NO;
				DEBUG_INFORMATION_FORMAT = "dwarf-with-dsym";
				ENABLE_NS_ASSERTIONS = NO;
				ENABLE_STRICT_OBJC_MSGSEND = YES;
				GCC_C_LANGUAGE_STANDARD = gnu11;
				GCC_NO_COMMON_BLOCKS = YES;
				GCC_WARN_64_TO_32_BIT_CONVERSION = YES;
				GCC_WARN_ABOUT_RETURN_TYPE = YES_ERROR;
				GCC_WARN_UNDECLARED_SELECTOR = YES;
				GCC_WARN_UNINITIALIZED_AUTOS = YES_AGGRESSIVE;
				GCC_WARN_UNUSED_FUNCTION = YES;
				GCC_WARN_UNUSED_VARIABLE = YES;
				IPHONEOS_DEPLOYMENT_TARGET = 13.6;
				MTL_ENABLE_DEBUG_INFO = NO;
				MTL_FAST_MATH = YES;
				SDKROOT = iphoneos;
				SWIFT_COMPILATION_MODE = wholemodule;
				SWIFT_OPTIMIZATION_LEVEL = "-O";
				VALIDATE_PRODUCT = YES;
			};
			name = Release;
		};
		A9F456B924EDB19E00481833 /* Debug */ = {
			isa = XCBuildConfiguration;
			buildSettings = {
				ASSETCATALOG_COMPILER_APPICON_NAME = AppIcon;
				CODE_SIGN_STYLE = Automatic;
				DEVELOPMENT_ASSET_PATHS = "\"pantry/Preview Content\"";
				DEVELOPMENT_TEAM = 3VVCAYK524;
				ENABLE_PREVIEWS = YES;
				INFOPLIST_FILE = pantry/Info.plist;
				IPHONEOS_DEPLOYMENT_TARGET = 13.5;
				LD_RUNPATH_SEARCH_PATHS = (
					"$(inherited)",
					"@executable_path/Frameworks",
				);
				PRODUCT_BUNDLE_IDENTIFIER = com.jorisbayer.pantry;
				PRODUCT_NAME = "$(TARGET_NAME)";
				SWIFT_VERSION = 5.0;
				TARGETED_DEVICE_FAMILY = "1,2";
			};
			name = Debug;
		};
		A9F456BA24EDB19E00481833 /* Release */ = {
			isa = XCBuildConfiguration;
			buildSettings = {
				ASSETCATALOG_COMPILER_APPICON_NAME = AppIcon;
				CODE_SIGN_STYLE = Automatic;
				DEVELOPMENT_ASSET_PATHS = "\"pantry/Preview Content\"";
				DEVELOPMENT_TEAM = 3VVCAYK524;
				ENABLE_PREVIEWS = YES;
				INFOPLIST_FILE = pantry/Info.plist;
				IPHONEOS_DEPLOYMENT_TARGET = 13.5;
				LD_RUNPATH_SEARCH_PATHS = (
					"$(inherited)",
					"@executable_path/Frameworks",
				);
				PRODUCT_BUNDLE_IDENTIFIER = com.jorisbayer.pantry;
				PRODUCT_NAME = "$(TARGET_NAME)";
				SWIFT_VERSION = 5.0;
				TARGETED_DEVICE_FAMILY = "1,2";
			};
			name = Release;
		};
		A9F456BC24EDB19E00481833 /* Debug */ = {
			isa = XCBuildConfiguration;
			buildSettings = {
				ALWAYS_EMBED_SWIFT_STANDARD_LIBRARIES = YES;
				BUNDLE_LOADER = "$(TEST_HOST)";
				CODE_SIGN_STYLE = Automatic;
				DEVELOPMENT_TEAM = 3VVCAYK524;
				INFOPLIST_FILE = pantryTests/Info.plist;
				IPHONEOS_DEPLOYMENT_TARGET = 13.6;
				LD_RUNPATH_SEARCH_PATHS = (
					"$(inherited)",
					"@executable_path/Frameworks",
					"@loader_path/Frameworks",
				);
				PRODUCT_BUNDLE_IDENTIFIER = com.jorisbayer.pantryTests;
				PRODUCT_NAME = "$(TARGET_NAME)";
				SWIFT_VERSION = 5.0;
				TARGETED_DEVICE_FAMILY = "1,2";
				TEST_HOST = "$(BUILT_PRODUCTS_DIR)/pantry.app/pantry";
			};
			name = Debug;
		};
		A9F456BD24EDB19E00481833 /* Release */ = {
			isa = XCBuildConfiguration;
			buildSettings = {
				ALWAYS_EMBED_SWIFT_STANDARD_LIBRARIES = YES;
				BUNDLE_LOADER = "$(TEST_HOST)";
				CODE_SIGN_STYLE = Automatic;
				DEVELOPMENT_TEAM = 3VVCAYK524;
				INFOPLIST_FILE = pantryTests/Info.plist;
				IPHONEOS_DEPLOYMENT_TARGET = 13.6;
				LD_RUNPATH_SEARCH_PATHS = (
					"$(inherited)",
					"@executable_path/Frameworks",
					"@loader_path/Frameworks",
				);
				PRODUCT_BUNDLE_IDENTIFIER = com.jorisbayer.pantryTests;
				PRODUCT_NAME = "$(TARGET_NAME)";
				SWIFT_VERSION = 5.0;
				TARGETED_DEVICE_FAMILY = "1,2";
				TEST_HOST = "$(BUILT_PRODUCTS_DIR)/pantry.app/pantry";
			};
			name = Release;
		};
/* End XCBuildConfiguration section */

/* Begin XCConfigurationList section */
		A9F4569424EDB19B00481833 /* Build configuration list for PBXProject "pantry" */ = {
			isa = XCConfigurationList;
			buildConfigurations = (
				A9F456B624EDB19E00481833 /* Debug */,
				A9F456B724EDB19E00481833 /* Release */,
			);
			defaultConfigurationIsVisible = 0;
			defaultConfigurationName = Release;
		};
		A9F456B824EDB19E00481833 /* Build configuration list for PBXNativeTarget "pantry" */ = {
			isa = XCConfigurationList;
			buildConfigurations = (
				A9F456B924EDB19E00481833 /* Debug */,
				A9F456BA24EDB19E00481833 /* Release */,
			);
			defaultConfigurationIsVisible = 0;
			defaultConfigurationName = Release;
		};
		A9F456BB24EDB19E00481833 /* Build configuration list for PBXNativeTarget "pantryTests" */ = {
			isa = XCConfigurationList;
			buildConfigurations = (
				A9F456BC24EDB19E00481833 /* Debug */,
				A9F456BD24EDB19E00481833 /* Release */,
			);
			defaultConfigurationIsVisible = 0;
			defaultConfigurationName = Release;
		};
/* End XCConfigurationList section */
	};
	rootObject = A9F4569124EDB19B00481833 /* Project object */;
}
